
Microsoft Visual Studio Solution File, Format Version 12.00
# Visual Studio Version 17
VisualStudioVersion = 17.3.32929.385
MinimumVisualStudioVersion = 10.0.40219.1
Project("{9A19103F-16F7-4668-BE54-9A1E7A4F7556}") = "XML_Navegator", "WinFormsApp1\XML_Navegator.csproj", "{2916B87C-D6DA-4145-90D1-B0C0DAFC7A9C}"
EndProject
Global
	GlobalSection(SolutionConfigurationPlatforms) = preSolution
		Debug|Any CPU = Debug|Any CPU
		Release|Any CPU = Release|Any CPU
	EndGlobalSection
	GlobalSection(ProjectConfigurationPlatforms) = postSolution
		{2916B87C-D6DA-4145-90D1-B0C0DAFC7A9C}.Debug|Any CPU.ActiveCfg = Debug|Any CPU
		{2916B87C-D6DA-4145-90D1-B0C0DAFC7A9C}.Debug|Any CPU.Build.0 = Debug|Any CPU
		{2916B87C-D6DA-4145-90D1-B0C0DAFC7A9C}.Release|Any CPU.ActiveCfg = Release|Any CPU
		{2916B87C-D6DA-4145-90D1-B0C0DAFC7A9C}.Release|Any CPU.Build.0 = Release|Any CPU
	EndGlobalSection
	GlobalSection(SolutionProperties) = preSolution
		HideSolutionNode = FALSE
	EndGlobalSection
	GlobalSection(ExtensibilityGlobals) = postSolution
		SolutionGuid = {EB0C47CB-248A-431A-A259-BC0997C14A84}
	EndGlobalSection
EndGlobal
